// !$*UTF8*$!
{
	archiveVersion = 1;
	classes = {
	};
	objectVersion = 50;
	objects = {

/* Begin PBXBuildFile section */
		505B9A6822076D7A00AB7F99 /* RedContourGrip.cpp in Sources */ = {isa = PBXBuildFile; fileRef = 505B9A6722076D7900AB7F99 /* RedContourGrip.cpp */; };
		50A4FFED21F27C780083B20A /* main.cpp in Sources */ = {isa = PBXBuildFile; fileRef = 50A4FFDD21F27C780083B20A /* main.cpp */; };
		50A4FFF421F281C10083B20A /* grip.cpp in Sources */ = {isa = PBXBuildFile; fileRef = 50A4FFF021F281C10083B20A /* grip.cpp */; };
		50A4FFF521F281C10083B20A /* vision.cpp in Sources */ = {isa = PBXBuildFile; fileRef = 50A4FFF321F281C10083B20A /* vision.cpp */; };
		50A845D521F501B300C30AC2 /* streamer.cpp in Sources */ = {isa = PBXBuildFile; fileRef = 50A845D321F501B300C30AC2 /* streamer.cpp */; };
/* End PBXBuildFile section */

/* Begin PBXFileReference section */
		505B9A6622076D7900AB7F99 /* RedContourGrip.hpp */ = {isa = PBXFileReference; fileEncoding = 4; lastKnownFileType = sourcecode.cpp.h; path = RedContourGrip.hpp; sourceTree = "<group>"; };
		505B9A6722076D7900AB7F99 /* RedContourGrip.cpp */ = {isa = PBXFileReference; fileEncoding = 4; lastKnownFileType = sourcecode.cpp.cpp; path = RedContourGrip.cpp; sourceTree = "<group>"; };
		505B9A732207B86A00AB7F99 /* start_streaming.sh */ = {isa = PBXFileReference; lastKnownFileType = text.script.sh; name = start_streaming.sh; path = ../start_streaming.sh; sourceTree = "<group>"; };
		50A4FFA521F2792D0083B20A /* 2019-vision.app */ = {isa = PBXFileReference; explicitFileType = wrapper.application; includeInIndex = 0; path = "2019-vision.app"; sourceTree = BUILT_PRODUCTS_DIR; };
		50A4FFCA21F27C780083B20A /* _019_vision.entitlements */ = {isa = PBXFileReference; fileEncoding = 4; lastKnownFileType = text.plist.entitlements; path = _019_vision.entitlements; sourceTree = "<group>"; };
		50A4FFCB21F27C780083B20A /* Info.plist */ = {isa = PBXFileReference; fileEncoding = 4; lastKnownFileType = text.plist.xml; path = Info.plist; sourceTree = "<group>"; };
		50A4FFCC21F27C780083B20A /* 2019-vision.xcodeproj */ = {isa = PBXFileReference; lastKnownFileType = "wrapper.pb-project"; path = "2019-vision.xcodeproj"; sourceTree = "<group>"; };
		50A4FFDD21F27C780083B20A /* main.cpp */ = {isa = PBXFileReference; fileEncoding = 4; lastKnownFileType = sourcecode.cpp.cpp; path = main.cpp; sourceTree = "<group>"; };
		50A4FFF021F281C10083B20A /* grip.cpp */ = {isa = PBXFileReference; fileEncoding = 4; lastKnownFileType = sourcecode.cpp.cpp; path = grip.cpp; sourceTree = "<group>"; };
		50A4FFF121F281C10083B20A /* grip.hpp */ = {isa = PBXFileReference; fileEncoding = 4; lastKnownFileType = sourcecode.cpp.h; path = grip.hpp; sourceTree = "<group>"; };
		50A4FFF221F281C10083B20A /* vision.hpp */ = {isa = PBXFileReference; fileEncoding = 4; lastKnownFileType = sourcecode.cpp.h; path = vision.hpp; sourceTree = "<group>"; };
		50A4FFF321F281C10083B20A /* vision.cpp */ = {isa = PBXFileReference; fileEncoding = 4; lastKnownFileType = sourcecode.cpp.cpp; path = vision.cpp; sourceTree = "<group>"; };
		50A845D221F5005C00C30AC2 /* Makefile */ = {isa = PBXFileReference; lastKnownFileType = sourcecode.make; path = Makefile; sourceTree = "<group>"; };
		50A845D321F501B300C30AC2 /* streamer.cpp */ = {isa = PBXFileReference; lastKnownFileType = sourcecode.cpp.cpp; path = streamer.cpp; sourceTree = "<group>"; };
		50A845D421F501B300C30AC2 /* streamer.hpp */ = {isa = PBXFileReference; lastKnownFileType = sourcecode.cpp.h; path = streamer.hpp; sourceTree = "<group>"; };
/* End PBXFileReference section */

/* Begin PBXFrameworksBuildPhase section */
		50A4FFA221F2792D0083B20A /* Frameworks */ = {
			isa = PBXFrameworksBuildPhase;
			buildActionMask = 2147483647;
			files = (
			);
			runOnlyForDeploymentPostprocessing = 0;
		};
/* End PBXFrameworksBuildPhase section */

/* Begin PBXGroup section */
		50A4FF9C21F2792D0083B20A = {
			isa = PBXGroup;
			children = (
				505B9A732207B86A00AB7F99 /* start_streaming.sh */,
				50A4FFA621F2792D0083B20A /* Products */,
				50A4FFC221F27C780083B20A /* 2019-vison */,
			);
			sourceTree = "<group>";
		};
		50A4FFA621F2792D0083B20A /* Products */ = {
			isa = PBXGroup;
			children = (
				50A4FFA521F2792D0083B20A /* 2019-vision.app */,
			);
			name = Products;
			sourceTree = "<group>";
		};
		50A4FFC221F27C780083B20A /* 2019-vison */ = {
			isa = PBXGroup;
			children = (
				50A4FFC321F27C780083B20A /* mac-stuff */,
				50A4FFD821F27C780083B20A /* src */,
			);
			name = "2019-vison";
			path = ..;
			sourceTree = "<group>";
		};
		50A4FFC321F27C780083B20A /* mac-stuff */ = {
			isa = PBXGroup;
			children = (
				50A4FFCA21F27C780083B20A /* _019_vision.entitlements */,
				50A4FFCB21F27C780083B20A /* Info.plist */,
				50A4FFCC21F27C780083B20A /* 2019-vision.xcodeproj */,
			);
			path = "mac-stuff";
			sourceTree = "<group>";
		};
		50A4FFCD21F27C780083B20A /* Products */ = {
			isa = PBXGroup;
			name = Products;
			sourceTree = "<group>";
		};
		50A4FFD821F27C780083B20A /* src */ = {
			isa = PBXGroup;
			children = (
				50A4FFDD21F27C780083B20A /* main.cpp */,
				50A4FFF021F281C10083B20A /* grip.cpp */,
				50A4FFF121F281C10083B20A /* grip.hpp */,
				505B9A6722076D7900AB7F99 /* RedContourGrip.cpp */,
				505B9A6622076D7900AB7F99 /* RedContourGrip.hpp */,
				50A4FFF221F281C10083B20A /* vision.hpp */,
				50A4FFF321F281C10083B20A /* vision.cpp */,
				50A845D321F501B300C30AC2 /* streamer.cpp */,
				50A845D421F501B300C30AC2 /* streamer.hpp */,
				50A845D221F5005C00C30AC2 /* Makefile */,
			);
			path = src;
			sourceTree = "<group>";
		};
/* End PBXGroup section */

/* Begin PBXNativeTarget section */
		50A4FFA421F2792D0083B20A /* 2019-vision */ = {
			isa = PBXNativeTarget;
			buildConfigurationList = 50A4FFB621F2792F0083B20A /* Build configuration list for PBXNativeTarget "2019-vision" */;
			buildPhases = (
				50A4FFA121F2792D0083B20A /* Sources */,
				50A4FFA221F2792D0083B20A /* Frameworks */,
				50A4FFA321F2792D0083B20A /* Resources */,
			);
			buildRules = (
			);
			dependencies = (
			);
			name = "2019-vision";
			productName = "2019-vision";
			productReference = 50A4FFA521F2792D0083B20A /* 2019-vision.app */;
			productType = "com.apple.product-type.application";
		};
/* End PBXNativeTarget section */

/* Begin PBXProject section */
		50A4FF9D21F2792D0083B20A /* Project object */ = {
			isa = PBXProject;
			attributes = {
				LastUpgradeCheck = 1010;
				ORGANIZATIONNAME = Max;
				TargetAttributes = {
					50A4FFA421F2792D0083B20A = {
						CreatedOnToolsVersion = 10.1;
					};
				};
			};
			buildConfigurationList = 50A4FFA021F2792D0083B20A /* Build configuration list for PBXProject "2019-vision" */;
			compatibilityVersion = "Xcode 9.3";
			developmentRegion = en;
			hasScannedForEncodings = 0;
			knownRegions = (
				en,
				Base,
			);
			mainGroup = 50A4FF9C21F2792D0083B20A;
			productRefGroup = 50A4FFA621F2792D0083B20A /* Products */;
			projectDirPath = "";
			projectReferences = (
				{
					ProductGroup = 50A4FFCD21F27C780083B20A /* Products */;
					ProjectRef = 50A4FFCC21F27C780083B20A /* 2019-vision.xcodeproj */;
				},
			);
			projectRoot = "";
			targets = (
				50A4FFA421F2792D0083B20A /* 2019-vision */,
			);
		};
/* End PBXProject section */

/* Begin PBXResourcesBuildPhase section */
		50A4FFA321F2792D0083B20A /* Resources */ = {
			isa = PBXResourcesBuildPhase;
			buildActionMask = 2147483647;
			files = (
			);
			runOnlyForDeploymentPostprocessing = 0;
		};
/* End PBXResourcesBuildPhase section */

/* Begin PBXSourcesBuildPhase section */
		50A4FFA121F2792D0083B20A /* Sources */ = {
			isa = PBXSourcesBuildPhase;
			buildActionMask = 2147483647;
			files = (
				50A845D521F501B300C30AC2 /* streamer.cpp in Sources */,
				50A4FFED21F27C780083B20A /* main.cpp in Sources */,
				505B9A6822076D7A00AB7F99 /* RedContourGrip.cpp in Sources */,
				50A4FFF521F281C10083B20A /* vision.cpp in Sources */,
				50A4FFF421F281C10083B20A /* grip.cpp in Sources */,
			);
			runOnlyForDeploymentPostprocessing = 0;
		};
/* End PBXSourcesBuildPhase section */

/* Begin XCBuildConfiguration section */
		50A4FFB421F2792F0083B20A /* Debug */ = {
			isa = XCBuildConfiguration;
			buildSettings = {
				ALWAYS_SEARCH_USER_PATHS = NO;
				CLANG_ANALYZER_NONNULL = YES;
				CLANG_ANALYZER_NUMBER_OBJECT_CONVERSION = YES_AGGRESSIVE;
				CLANG_CXX_LANGUAGE_STANDARD = "gnu++14";
				CLANG_CXX_LIBRARY = "libc++";
				CLANG_ENABLE_MODULES = YES;
				CLANG_ENABLE_OBJC_ARC = YES;
				CLANG_ENABLE_OBJC_WEAK = YES;
				CLANG_WARN_BLOCK_CAPTURE_AUTORELEASING = YES;
				CLANG_WARN_BOOL_CONVERSION = YES;
				CLANG_WARN_COMMA = YES;
				CLANG_WARN_CONSTANT_CONVERSION = YES;
				CLANG_WARN_DEPRECATED_OBJC_IMPLEMENTATIONS = YES;
				CLANG_WARN_DIRECT_OBJC_ISA_USAGE = YES_ERROR;
				CLANG_WARN_DOCUMENTATION_COMMENTS = YES;
				CLANG_WARN_EMPTY_BODY = YES;
				CLANG_WARN_ENUM_CONVERSION = YES;
				CLANG_WARN_INFINITE_RECURSION = YES;
				CLANG_WARN_INT_CONVERSION = YES;
				CLANG_WARN_NON_LITERAL_NULL_CONVERSION = YES;
				CLANG_WARN_OBJC_IMPLICIT_RETAIN_SELF = YES;
				CLANG_WARN_OBJC_LITERAL_CONVERSION = YES;
				CLANG_WARN_OBJC_ROOT_CLASS = YES_ERROR;
				CLANG_WARN_RANGE_LOOP_ANALYSIS = YES;
				CLANG_WARN_STRICT_PROTOTYPES = YES;
				CLANG_WARN_SUSPICIOUS_MOVE = YES;
				CLANG_WARN_UNGUARDED_AVAILABILITY = YES_AGGRESSIVE;
				CLANG_WARN_UNREACHABLE_CODE = YES;
				CLANG_WARN__DUPLICATE_METHOD_MATCH = YES;
				CODE_SIGN_IDENTITY = "-";
				COPY_PHASE_STRIP = NO;
				DEBUG_INFORMATION_FORMAT = dwarf;
				ENABLE_STRICT_OBJC_MSGSEND = YES;
				ENABLE_TESTABILITY = YES;
				GCC_C_LANGUAGE_STANDARD = gnu11;
				GCC_DYNAMIC_NO_PIC = NO;
				GCC_NO_COMMON_BLOCKS = YES;
				GCC_OPTIMIZATION_LEVEL = 0;
				GCC_PREPROCESSOR_DEFINITIONS = (
					"DEBUG=1",
					"$(inherited)",
				);
				GCC_WARN_64_TO_32_BIT_CONVERSION = YES;
				GCC_WARN_ABOUT_RETURN_TYPE = YES_ERROR;
				GCC_WARN_UNDECLARED_SELECTOR = YES;
				GCC_WARN_UNINITIALIZED_AUTOS = YES_AGGRESSIVE;
				GCC_WARN_UNUSED_FUNCTION = YES;
				GCC_WARN_UNUSED_VARIABLE = YES;
				MACOSX_DEPLOYMENT_TARGET = 10.14;
				MTL_ENABLE_DEBUG_INFO = INCLUDE_SOURCE;
				MTL_FAST_MATH = YES;
				ONLY_ACTIVE_ARCH = YES;
				SDKROOT = macosx;
			};
			name = Debug;
		};
		50A4FFB521F2792F0083B20A /* Release */ = {
			isa = XCBuildConfiguration;
			buildSettings = {
				ALWAYS_SEARCH_USER_PATHS = NO;
				CLANG_ANALYZER_NONNULL = YES;
				CLANG_ANALYZER_NUMBER_OBJECT_CONVERSION = YES_AGGRESSIVE;
				CLANG_CXX_LANGUAGE_STANDARD = "gnu++14";
				CLANG_CXX_LIBRARY = "libc++";
				CLANG_ENABLE_MODULES = YES;
				CLANG_ENABLE_OBJC_ARC = YES;
				CLANG_ENABLE_OBJC_WEAK = YES;
				CLANG_WARN_BLOCK_CAPTURE_AUTORELEASING = YES;
				CLANG_WARN_BOOL_CONVERSION = YES;
				CLANG_WARN_COMMA = YES;
				CLANG_WARN_CONSTANT_CONVERSION = YES;
				CLANG_WARN_DEPRECATED_OBJC_IMPLEMENTATIONS = YES;
				CLANG_WARN_DIRECT_OBJC_ISA_USAGE = YES_ERROR;
				CLANG_WARN_DOCUMENTATION_COMMENTS = YES;
				CLANG_WARN_EMPTY_BODY = YES;
				CLANG_WARN_ENUM_CONVERSION = YES;
				CLANG_WARN_INFINITE_RECURSION = YES;
				CLANG_WARN_INT_CONVERSION = YES;
				CLANG_WARN_NON_LITERAL_NULL_CONVERSION = YES;
				CLANG_WARN_OBJC_IMPLICIT_RETAIN_SELF = YES;
				CLANG_WARN_OBJC_LITERAL_CONVERSION = YES;
				CLANG_WARN_OBJC_ROOT_CLASS = YES_ERROR;
				CLANG_WARN_RANGE_LOOP_ANALYSIS = YES;
				CLANG_WARN_STRICT_PROTOTYPES = YES;
				CLANG_WARN_SUSPICIOUS_MOVE = YES;
				CLANG_WARN_UNGUARDED_AVAILABILITY = YES_AGGRESSIVE;
				CLANG_WARN_UNREACHABLE_CODE = YES;
				CLANG_WARN__DUPLICATE_METHOD_MATCH = YES;
				CODE_SIGN_IDENTITY = "-";
				COPY_PHASE_STRIP = NO;
				DEBUG_INFORMATION_FORMAT = "dwarf-with-dsym";
				ENABLE_NS_ASSERTIONS = NO;
				ENABLE_STRICT_OBJC_MSGSEND = YES;
				GCC_C_LANGUAGE_STANDARD = gnu11;
				GCC_NO_COMMON_BLOCKS = YES;
				GCC_WARN_64_TO_32_BIT_CONVERSION = YES;
				GCC_WARN_ABOUT_RETURN_TYPE = YES_ERROR;
				GCC_WARN_UNDECLARED_SELECTOR = YES;
				GCC_WARN_UNINITIALIZED_AUTOS = YES_AGGRESSIVE;
				GCC_WARN_UNUSED_FUNCTION = YES;
				GCC_WARN_UNUSED_VARIABLE = YES;
				MACOSX_DEPLOYMENT_TARGET = 10.14;
				MTL_ENABLE_DEBUG_INFO = NO;
				MTL_FAST_MATH = YES;
				SDKROOT = macosx;
			};
			name = Release;
		};
		50A4FFB721F2792F0083B20A /* Debug */ = {
			isa = XCBuildConfiguration;
			buildSettings = {
				ASSETCATALOG_COMPILER_APPICON_NAME = AppIcon;
				CLANG_WARN_DOCUMENTATION_COMMENTS = NO;
				CODE_SIGN_ENTITLEMENTS = _019_vision.entitlements;
				CODE_SIGN_STYLE = Automatic;
				COMBINE_HIDPI_IMAGES = YES;
				HEADER_SEARCH_PATHS = /usr/local/include/opencv4/;
				INFOPLIST_FILE = Info.plist;
				LD_RUNPATH_SEARCH_PATHS = (
					"$(inherited)",
					"@executable_path/../Frameworks",
				);
				OTHER_LDFLAGS = (
					"-L/usr/local/Cellar/opencv/4.0.1/lib",
					"-lopencv_gapi",
					"-lopencv_stitching",
					"-lopencv_aruco",
					"-lopencv_bgsegm",
					"-lopencv_bioinspired",
					"-lopencv_ccalib",
					"-lopencv_dnn_objdetect",
					"-lopencv_dpm",
					"-lopencv_face",
					"-lopencv_fuzzy",
					"-lopencv_hfs",
					"-lopencv_img_hash",
					"-lopencv_line_descriptor",
					"-lopencv_reg",
					"-lopencv_rgbd",
					"-lopencv_saliency",
					"-lopencv_stereo",
					"-lopencv_structured_light",
					"-lopencv_phase_unwrapping",
					"-lopencv_superres",
					"-lopencv_optflow",
					"-lopencv_surface_matching",
					"-lopencv_tracking",
					"-lopencv_datasets",
					"-lopencv_dnn",
					"-lopencv_plot",
					"-lopencv_videostab",
					"-lopencv_video",
					"-lopencv_xfeatures2d",
					"-lopencv_shape",
					"-lopencv_ml",
					"-lopencv_ximgproc",
					"-lopencv_xobjdetect",
					"-lopencv_objdetect",
					"-lopencv_calib3d",
					"-lopencv_features2d",
					"-lopencv_highgui",
					"-lopencv_videoio",
					"-lopencv_imgcodecs",
					"-lopencv_flann",
					"-lopencv_xphoto",
					"-lopencv_photo",
					"-lopencv_imgproc",
					"-lopencv_core",
				);
				PRODUCT_BUNDLE_IDENTIFIER = "com.team5708.-019-vision";
				PRODUCT_NAME = "$(TARGET_NAME)";
			};
			name = Debug;
		};
		50A4FFB821F2792F0083B20A /* Release */ = {
			isa = XCBuildConfiguration;
			buildSettings = {
				ASSETCATALOG_COMPILER_APPICON_NAME = AppIcon;
				CLANG_WARN_DOCUMENTATION_COMMENTS = NO;
				CODE_SIGN_ENTITLEMENTS = _019_vision.entitlements;
				CODE_SIGN_STYLE = Automatic;
				COMBINE_HIDPI_IMAGES = YES;
				HEADER_SEARCH_PATHS = /usr/local/include/opencv4/;
				INFOPLIST_FILE = Info.plist;
				LD_RUNPATH_SEARCH_PATHS = (
					"$(inherited)",
					"@executable_path/../Frameworks",
				);
				OTHER_LDFLAGS = (
					"-L/usr/local/Cellar/opencv/4.0.1/lib",
					"-lopencv_gapi",
					"-lopencv_stitching",
					"-lopencv_aruco",
					"-lopencv_bgsegm",
					"-lopencv_bioinspired",
					"-lopencv_ccalib",
					"-lopencv_dnn_objdetect",
					"-lopencv_dpm",
					"-lopencv_face",
					"-lopencv_fuzzy",
					"-lopencv_hfs",
					"-lopencv_img_hash",
					"-lopencv_line_descriptor",
					"-lopencv_reg",
					"-lopencv_rgbd",
					"-lopencv_saliency",
					"-lopencv_stereo",
					"-lopencv_structured_light",
					"-lopencv_phase_unwrapping",
					"-lopencv_superres",
					"-lopencv_optflow",
					"-lopencv_surface_matching",
					"-lopencv_tracking",
					"-lopencv_datasets",
					"-lopencv_dnn",
					"-lopencv_plot",
					"-lopencv_videostab",
					"-lopencv_video",
					"-lopencv_xfeatures2d",
					"-lopencv_shape",
					"-lopencv_ml",
					"-lopencv_ximgproc",
					"-lopencv_xobjdetect",
					"-lopencv_objdetect",
					"-lopencv_calib3d",
					"-lopencv_features2d",
					"-lopencv_highgui",
					"-lopencv_videoio",
					"-lopencv_imgcodecs",
					"-lopencv_flann",
					"-lopencv_xphoto",
					"-lopencv_photo",
					"-lopencv_imgproc",
					"-lopencv_core",
				);
				PRODUCT_BUNDLE_IDENTIFIER = "com.team5708.-019-vision";
				PRODUCT_NAME = "$(TARGET_NAME)";
			};
			name = Release;
		};
/* End XCBuildConfiguration section */

/* Begin XCConfigurationList section */
		50A4FFA021F2792D0083B20A /* Build configuration list for PBXProject "2019-vision" */ = {
			isa = XCConfigurationList;
			buildConfigurations = (
				50A4FFB421F2792F0083B20A /* Debug */,
				50A4FFB521F2792F0083B20A /* Release */,
			);
			defaultConfigurationIsVisible = 0;
			defaultConfigurationName = Release;
		};
		50A4FFB621F2792F0083B20A /* Build configuration list for PBXNativeTarget "2019-vision" */ = {
			isa = XCConfigurationList;
			buildConfigurations = (
				50A4FFB721F2792F0083B20A /* Debug */,
				50A4FFB821F2792F0083B20A /* Release */,
			);
			defaultConfigurationIsVisible = 0;
			defaultConfigurationName = Release;
		};
/* End XCConfigurationList section */
	};
	rootObject = 50A4FF9D21F2792D0083B20A /* Project object */;
}
